
Microsoft Visual Studio Solution File, Format Version 12.00
# Visual Studio Version 16
VisualStudioVersion = 16.0.31205.134
MinimumVisualStudioVersion = 10.0.40219.1
Project("{8BC9CEB8-8B4A-11D0-8D11-00A0C91BC942}") = "Graphics", "Graphics\Graphics.vcxproj", "{365C654B-EDF8-4044-82A3-7D3A6B4FDC4B}"
EndProject
Project("{8BC9CEB8-8B4A-11D0-8D11-00A0C91BC942}") = "test", "test\test.vcxproj", "{DDB0F09D-76FD-4DDA-BE63-91E635F1DD51}"
EndProject
Global
	GlobalSection(SolutionConfigurationPlatforms) = preSolution
		Debug|x64 = Debug|x64
		Debug|x86 = Debug|x86
		Release|x64 = Release|x64
		Release|x86 = Release|x86
	EndGlobalSection
	GlobalSection(ProjectConfigurationPlatforms) = postSolution
		{365C654B-EDF8-4044-82A3-7D3A6B4FDC4B}.Debug|x64.ActiveCfg = Debug|x64
		{365C654B-EDF8-4044-82A3-7D3A6B4FDC4B}.Debug|x64.Build.0 = Debug|x64
		{365C654B-EDF8-4044-82A3-7D3A6B4FDC4B}.Debug|x86.ActiveCfg = Debug|Win32
		{365C654B-EDF8-4044-82A3-7D3A6B4FDC4B}.Debug|x86.Build.0 = Debug|Win32
		{365C654B-EDF8-4044-82A3-7D3A6B4FDC4B}.Release|x64.ActiveCfg = Release|x64
		{365C654B-EDF8-4044-82A3-7D3A6B4FDC4B}.Release|x64.Build.0 = Release|x64
		{365C654B-EDF8-4044-82A3-7D3A6B4FDC4B}.Release|x86.ActiveCfg = Release|Win32
		{365C654B-EDF8-4044-82A3-7D3A6B4FDC4B}.Release|x86.Build.0 = Release|Win32
		{DDB0F09D-76FD-4DDA-BE63-91E635F1DD51}.Debug|x64.ActiveCfg = Debug|x64
		{DDB0F09D-76FD-4DDA-BE63-91E635F1DD51}.Debug|x64.Build.0 = Debug|x64
		{DDB0F09D-76FD-4DDA-BE63-91E635F1DD51}.Debug|x86.ActiveCfg = Debug|Win32
		{DDB0F09D-76FD-4DDA-BE63-91E635F1DD51}.Debug|x86.Build.0 = Debug|Win32
		{DDB0F09D-76FD-4DDA-BE63-91E635F1DD51}.Release|x64.ActiveCfg = Release|x64
		{DDB0F09D-76FD-4DDA-BE63-91E635F1DD51}.Release|x64.Build.0 = Release|x64
		{DDB0F09D-76FD-4DDA-BE63-91E635F1DD51}.Release|x86.ActiveCfg = Release|Win32
		{DDB0F09D-76FD-4DDA-BE63-91E635F1DD51}.Release|x86.Build.0 = Release|Win32
	EndGlobalSection
	GlobalSection(SolutionProperties) = preSolution
		HideSolutionNode = FALSE
	EndGlobalSection
	GlobalSection(ExtensibilityGlobals) = postSolution
		SolutionGuid = {88801BFC-2914-4686-B4C8-370B3B0C3FC5}
	EndGlobalSection
EndGlobal
